{
  "version": 4,
  "terraform_version": "1.13.1",
  "serial": 7,
  "lineage": "726e8ad1-06c9-05d2-f8b4-08d9ecc84b31",
  "outputs": {
    "app_url": {
      "value": "http://3.89.25.76:8080",
      "type": "string"
    },
    "vm_public_ip": {
      "value": "3.89.25.76",
      "type": "string"
    }
  },
  "resources": [
    {
      "mode": "managed",
      "type": "aws_instance",
      "name": "jewelry_vm",
      "provider": "provider[\"registry.terraform.io/hashicorp/aws\"]",
      "instances": [
        {
          "schema_version": 1,
          "attributes": {
            "ami": "ami-0fc5d935ebf8bc3bc",
            "arn": "arn:aws:ec2:us-east-1:794196173640:instance/i-0c9ae5fd793eb40bf",
            "associate_public_ip_address": true,
            "availability_zone": "us-east-1b",
            "capacity_reservation_specification": [
              {
                "capacity_reservation_preference": "open",
                "capacity_reservation_target": []
              }
            ],
            "cpu_core_count": 1,
            "cpu_options": [
              {
                "amd_sev_snp": "",
                "core_count": 1,
                "threads_per_core": 1
              }
            ],
            "cpu_threads_per_core": 1,
            "credit_specification": [
              {
                "cpu_credits": "standard"
              }
            ],
            "disable_api_stop": false,
            "disable_api_termination": false,
            "ebs_block_device": [],
            "ebs_optimized": false,
            "enable_primary_ipv6": null,
            "enclave_options": [
              {
                "enabled": false
              }
            ],
            "ephemeral_block_device": [],
            "get_password_data": false,
            "hibernation": false,
            "host_id": "",
            "host_resource_group_arn": null,
            "iam_instance_profile": "",
            "id": "i-0c9ae5fd793eb40bf",
            "instance_initiated_shutdown_behavior": "stop",
            "instance_lifecycle": "",
            "instance_market_options": [],
            "instance_state": "running",
            "instance_type": "t2.micro",
            "ipv6_address_count": 0,
            "ipv6_addresses": [],
            "key_name": "jewelry-key",
            "launch_template": [],
            "maintenance_options": [
              {
                "auto_recovery": "default"
              }
            ],
            "metadata_options": [
              {
                "http_endpoint": "enabled",
                "http_protocol_ipv6": "disabled",
                "http_put_response_hop_limit": 1,
                "http_tokens": "optional",
                "instance_metadata_tags": "disabled"
              }
            ],
            "monitoring": false,
            "network_interface": [],
            "outpost_arn": "",
            "password_data": "",
            "placement_group": "",
            "placement_partition_number": 0,
            "primary_network_interface_id": "eni-08f064e151d5d3644",
            "private_dns": "ip-172-30-10-99.ec2.internal",
            "private_dns_name_options": [
              {
                "enable_resource_name_dns_a_record": false,
                "enable_resource_name_dns_aaaa_record": false,
                "hostname_type": "ip-name"
              }
            ],
            "private_ip": "172.30.10.99",
            "public_dns": "",
            "public_ip": "3.89.25.76",
            "root_block_device": [
              {
                "delete_on_termination": true,
                "device_name": "/dev/sda1",
                "encrypted": false,
                "iops": 100,
                "kms_key_id": "",
                "tags": {},
                "tags_all": {},
                "throughput": 0,
                "volume_id": "vol-0e70b01fd9f785e9b",
                "volume_size": 8,
                "volume_type": "gp2"
              }
            ],
            "secondary_private_ips": [],
            "security_groups": [],
            "source_dest_check": true,
            "spot_instance_request_id": "",
            "subnet_id": "subnet-07f25c27c4f87bbcf",
            "tags": {
              "Name": "jewelry-vm"
            },
            "tags_all": {
              "Name": "jewelry-vm"
            },
            "tenancy": "default",
            "timeouts": null,
            "user_data": "22ddca67f1c73c89cdf4e4ad4535835c16bc181f",
            "user_data_base64": null,
            "user_data_replace_on_change": false,
            "volume_tags": null,
            "vpc_security_group_ids": [
              "sg-095635770d9bbbda7"
            ]
          },
          "sensitive_attributes": [],
          "identity_schema_version": 0,
          "private": "eyJlMmJmYjczMC1lY2FhLTExZTYtOGY4OC0zNDM2M2JjN2M0YzAiOnsiY3JlYXRlIjo2MDAwMDAwMDAwMDAsImRlbGV0ZSI6MTIwMDAwMDAwMDAwMCwicmVhZCI6OTAwMDAwMDAwMDAwLCJ1cGRhdGUiOjYwMDAwMDAwMDAwMH0sInNjaGVtYV92ZXJzaW9uIjoiMSJ9",
          "dependencies": [
            "aws_key_pair.main",
            "aws_security_group.jewelry_sg"
          ]
        }
      ]
    },
    {
      "mode": "managed",
      "type": "aws_key_pair",
      "name": "main",
      "provider": "provider[\"registry.terraform.io/hashicorp/aws\"]",
      "instances": [
        {
          "schema_version": 1,
          "attributes": {
            "arn": "arn:aws:ec2:us-east-1:794196173640:key-pair/jewelry-key",
            "fingerprint": "59:17:52:ed:23:f2:e5:af:4f:97:ab:16:70:db:f6:04",
            "id": "jewelry-key",
            "key_name": "jewelry-key",
            "key_name_prefix": "",
            "key_pair_id": "key-050307ff28c60f964",
            "key_type": "rsa",
            "public_key": "ssh-rsa AAAAB3NzaC1yc2EAAAADAQABAAACAQCz0YRiDmZzvZrWpo+H+PeRkZxjuXJiI4gx8+RxCUyw8B1hguYcpaDeEOiwMRZ9tjuQBJnf6ynedDuL/NeE7QB2/E0xirAcgq3NGUSwrcKwtnDM7D6X++4FEAjI4L1rFOTQUIHN6ITISI5P/z/wDj5AKXdvDo/l1vm21flA4xtY0OK8uIaQND1XANZukPOcvbAMYtcp/Gs1whm6KojbiRkvcW4z/QcZC0f23KVjT8XCiKyQwCDEA6/tQV2zlYMhYDZaahfe9QYNSpzyJZFwZfsE+4stfYZA4CPPjbZs6JDh8JAqqT7+oJQPzvpE50MdfXBmIEp7VoTCYccn9m1rKookoemrNfk25EslVHPJYXPl7PaGHKmScXHkupOfbCw9PxVY9po4Jn+myYoILuKvtVlb4f9t+epfmfQijzKJijaOyr/tkjuD+z+dWvakD0CVH5m4woGp/7etfKCVMOh7cXNXHIiR5l5nM4yPQ/Tsl38ZM9qbuYNHBHE4tBdy3bW0Zc7FTmDghaJzO4hQ9mlsnb7on+CwYcdwO4Gllz2A3yPZcYXsCUmx/UV9vCRXFvAXjG2ZWKtbynEj9Ympy1oCX029e2HGl59Zbz7bjmQAeal/eiiy6pTkl0THeu/r6WnHqLBzDt76+A3bQNIAla3b7HFFoSh2r3Yd/Ita5pUVfLgRGQ== vmftecnology@gmail.com",
            "tags": {},
            "tags_all": {}
          },
          "sensitive_attributes": [],
          "identity_schema_version": 0,
          "private": "eyJzY2hlbWFfdmVyc2lvbiI6IjEifQ=="
        }
      ]
    },
    {
      "mode": "managed",
      "type": "aws_security_group",
      "name": "jewelry_sg",
      "provider": "provider[\"registry.terraform.io/hashicorp/aws\"]",
      "instances": [
        {
          "schema_version": 1,
          "attributes": {
            "arn": "arn:aws:ec2:us-east-1:794196173640:security-group/sg-095635770d9bbbda7",
            "description": "Allow SSH and HTTP",
            "egress": [
              {
                "cidr_blocks": [
                  "0.0.0.0/0"
                ],
                "description": "",
                "from_port": 0,
                "ipv6_cidr_blocks": [],
                "prefix_list_ids": [],
                "protocol": "-1",
                "security_groups": [],
                "self": false,
                "to_port": 0
              }
            ],
            "id": "sg-095635770d9bbbda7",
            "ingress": [
              {
                "cidr_blocks": [
                  "0.0.0.0/0"
                ],
                "description": "HTTP",
                "from_port": 8080,
                "ipv6_cidr_blocks": [],
                "prefix_list_ids": [],
                "protocol": "tcp",
                "security_groups": [],
                "self": false,
                "to_port": 8080
              },
              {
                "cidr_blocks": [
                  "0.0.0.0/0"
                ],
                "description": "SSH",
                "from_port": 22,
                "ipv6_cidr_blocks": [],
                "prefix_list_ids": [],
                "protocol": "tcp",
                "security_groups": [],
                "self": false,
                "to_port": 22
              }
            ],
            "name": "jewelry-sg",
            "name_prefix": "",
            "owner_id": "794196173640",
            "revoke_rules_on_delete": false,
            "tags": {},
            "tags_all": {},
            "timeouts": null,
            "vpc_id": "vpc-06786ee7f7a163059"
          },
          "sensitive_attributes": [],
          "identity_schema_version": 0,
          "private": "eyJlMmJmYjczMC1lY2FhLTExZTYtOGY4OC0zNDM2M2JjN2M0YzAiOnsiY3JlYXRlIjo2MDAwMDAwMDAwMDAsImRlbGV0ZSI6OTAwMDAwMDAwMDAwfSwic2NoZW1hX3ZlcnNpb24iOiIxIn0="
        }
      ]
    }
  ],
  "check_results": null
}
